{
  "name": "@pojntfx/keystoregaen",
  "version": "0.0.1",
  "lockfileVersion": 2,
  "requires": true,
  "packages": {
    "": {
      "name": "@pojntfx/keystoregaen",
      "version": "0.0.1",
      "license": "AGPL-3.0",
      "dependencies": {
        "@patternfly/patternfly": "^4.217.1"
      }
    },
    "node_modules/@patternfly/patternfly": {
      "version": "4.217.1",
      "resolved": "https://registry.npmjs.org/@patternfly/patternfly/-/patternfly-4.217.1.tgz",
      "integrity": "sha512-uN7JgfQsyR16YHkuGRCTIcBcnyKIqKjGkB2SGk9x1XXH3yYGenL83kpAavX9Xtozqp17KppOlybJuzcKvZMrgw=="
    }
  },
  "dependencies": {
    "@patternfly/patternfly": {
      "version": "4.217.1",
      "resolved": "https://registry.npmjs.org/@patternfly/patternfly/-/patternfly-4.217.1.tgz",
      "integrity": "sha512-uN7JgfQsyR16YHkuGRCTIcBcnyKIqKjGkB2SGk9x1XXH3yYGenL83kpAavX9Xtozqp17KppOlybJuzcKvZMrgw=="
    }
  }
}
